
Microsoft Visual Studio Solution File, Format Version 12.00
# Visual Studio Version 16
VisualStudioVersion = 16.0.30413.136
MinimumVisualStudioVersion = 10.0.40219.1
Project("{9A19103F-16F7-4668-BE54-9A1E7A4F7556}") = "TopicSenderConsoleApp", "TopicSenderConsoleApp\TopicSenderConsoleApp.csproj", "{E664B38A-0D18-4D00-9080-CF2BF15C806A}"
EndProject
Project("{9A19103F-16F7-4668-BE54-9A1E7A4F7556}") = "TopicReceiverConsoleApp", "TopicReceiverConsoleApp\TopicReceiverConsoleApp.csproj", "{F1074A9B-CAE0-43E9-AFB1-513CB095E134}"
EndProject
Project("{9A19103F-16F7-4668-BE54-9A1E7A4F7556}") = "TriggerFunctionApp", "TriggerFunctionApp\TriggerFunctionApp.csproj", "{7C6C0095-BED6-4DC8-B0DA-B0DD1BD9DB09}"
EndProject
Global
	GlobalSection(SolutionConfigurationPlatforms) = preSolution
		Debug|Any CPU = Debug|Any CPU
		Release|Any CPU = Release|Any CPU
	EndGlobalSection
	GlobalSection(ProjectConfigurationPlatforms) = postSolution
		{E664B38A-0D18-4D00-9080-CF2BF15C806A}.Debug|Any CPU.ActiveCfg = Debug|Any CPU
		{E664B38A-0D18-4D00-9080-CF2BF15C806A}.Debug|Any CPU.Build.0 = Debug|Any CPU
		{E664B38A-0D18-4D00-9080-CF2BF15C806A}.Release|Any CPU.ActiveCfg = Release|Any CPU
		{E664B38A-0D18-4D00-9080-CF2BF15C806A}.Release|Any CPU.Build.0 = Release|Any CPU
		{F1074A9B-CAE0-43E9-AFB1-513CB095E134}.Debug|Any CPU.ActiveCfg = Debug|Any CPU
		{F1074A9B-CAE0-43E9-AFB1-513CB095E134}.Debug|Any CPU.Build.0 = Debug|Any CPU
		{F1074A9B-CAE0-43E9-AFB1-513CB095E134}.Release|Any CPU.ActiveCfg = Release|Any CPU
		{F1074A9B-CAE0-43E9-AFB1-513CB095E134}.Release|Any CPU.Build.0 = Release|Any CPU
		{7C6C0095-BED6-4DC8-B0DA-B0DD1BD9DB09}.Debug|Any CPU.ActiveCfg = Debug|Any CPU
		{7C6C0095-BED6-4DC8-B0DA-B0DD1BD9DB09}.Debug|Any CPU.Build.0 = Debug|Any CPU
		{7C6C0095-BED6-4DC8-B0DA-B0DD1BD9DB09}.Release|Any CPU.ActiveCfg = Release|Any CPU
		{7C6C0095-BED6-4DC8-B0DA-B0DD1BD9DB09}.Release|Any CPU.Build.0 = Release|Any CPU
	EndGlobalSection
	GlobalSection(SolutionProperties) = preSolution
		HideSolutionNode = FALSE
	EndGlobalSection
	GlobalSection(ExtensibilityGlobals) = postSolution
		SolutionGuid = {950C2D0E-1541-4C71-BA50-7450F40BB9A6}
	EndGlobalSection
EndGlobal
